
Microsoft Visual Studio Solution File, Format Version 12.00
# Visual Studio Version 17
VisualStudioVersion = 17.14.36119.2 d17.14
MinimumVisualStudioVersion = 10.0.40219.1
Project("{FAE04EC0-301F-11D3-BF4B-00C04F79EFBC}") = "LeaveManagementSystem", "LeaveManagementSystem\LeaveManagementSystem.csproj", "{05FD11FB-FFF3-4D2F-A943-99E82A321221}"
EndProject
Global
	GlobalSection(SolutionConfigurationPlatforms) = preSolution
		Debug|Any CPU = Debug|Any CPU
		Release|Any CPU = Release|Any CPU
	EndGlobalSection
	GlobalSection(ProjectConfigurationPlatforms) = postSolution
		{05FD11FB-FFF3-4D2F-A943-99E82A321221}.Debug|Any CPU.ActiveCfg = Debug|Any CPU
		{05FD11FB-FFF3-4D2F-A943-99E82A321221}.Debug|Any CPU.Build.0 = Debug|Any CPU
		{05FD11FB-FFF3-4D2F-A943-99E82A321221}.Release|Any CPU.ActiveCfg = Release|Any CPU
		{05FD11FB-FFF3-4D2F-A943-99E82A321221}.Release|Any CPU.Build.0 = Release|Any CPU
	EndGlobalSection
	GlobalSection(SolutionProperties) = preSolution
		HideSolutionNode = FALSE
	EndGlobalSection
	GlobalSection(ExtensibilityGlobals) = postSolution
		SolutionGuid = {99E70400-CA4D-4D7F-A68B-9A596E8A2AE8}
	EndGlobalSection
EndGlobal
